
Microsoft Visual Studio Solution File, Format Version 12.00
# Visual Studio Version 17
VisualStudioVersion = 17.0.31912.275
MinimumVisualStudioVersion = 10.0.40219.1
Project("{2150E333-8FDC-42A3-9474-1A3956D46DE8}") = "Challenge1", "Challenge1", "{9B70466B-B0E0-4C67-86DC-FBA7883C90B7}"
EndProject
Project("{2150E333-8FDC-42A3-9474-1A3956D46DE8}") = "Challenge2", "Challenge2", "{5EB36649-0190-42C3-A4F3-421B4D4A361B}"
EndProject
Project("{2150E333-8FDC-42A3-9474-1A3956D46DE8}") = "1-API", "1-API", "{8E5873C1-DD1B-4D3B-BC86-6019529C021E}"
EndProject
Project("{2150E333-8FDC-42A3-9474-1A3956D46DE8}") = "2-Services", "2-Services", "{62277D12-D73B-40CE-82AC-E5251CEAA032}"
EndProject
Project("{2150E333-8FDC-42A3-9474-1A3956D46DE8}") = "3-Persistence", "3-Persistence", "{BC7E8B5E-66A1-41F7-A5AC-4E27CD09E40D}"
EndProject
Project("{2150E333-8FDC-42A3-9474-1A3956D46DE8}") = "4-Domain", "4-Domain", "{644FBAE1-BCC2-422D-A9D7-9E7552E61DD0}"
EndProject
Project("{2150E333-8FDC-42A3-9474-1A3956D46DE8}") = "1-API", "1-API", "{A05EE79D-76D1-4685-90EA-AC2722291033}"
EndProject
Project("{2150E333-8FDC-42A3-9474-1A3956D46DE8}") = "2-Services", "2-Services", "{66AECDD3-A6CF-4586-96D9-40D90839C575}"
EndProject
Project("{2150E333-8FDC-42A3-9474-1A3956D46DE8}") = "3-Persistence", "3-Persistence", "{0A584B79-91A2-4F40-A922-E971EC651AA9}"
EndProject
Project("{2150E333-8FDC-42A3-9474-1A3956D46DE8}") = "4-Domain", "4-Domain", "{1CB619B4-66CD-4C88-921B-2739BD419EC1}"
EndProject
Global
	GlobalSection(SolutionProperties) = preSolution
		HideSolutionNode = FALSE
	EndGlobalSection
	GlobalSection(NestedProjects) = preSolution
		{8E5873C1-DD1B-4D3B-BC86-6019529C021E} = {9B70466B-B0E0-4C67-86DC-FBA7883C90B7}
		{62277D12-D73B-40CE-82AC-E5251CEAA032} = {9B70466B-B0E0-4C67-86DC-FBA7883C90B7}
		{BC7E8B5E-66A1-41F7-A5AC-4E27CD09E40D} = {9B70466B-B0E0-4C67-86DC-FBA7883C90B7}
		{644FBAE1-BCC2-422D-A9D7-9E7552E61DD0} = {9B70466B-B0E0-4C67-86DC-FBA7883C90B7}
		{A05EE79D-76D1-4685-90EA-AC2722291033} = {5EB36649-0190-42C3-A4F3-421B4D4A361B}
		{66AECDD3-A6CF-4586-96D9-40D90839C575} = {5EB36649-0190-42C3-A4F3-421B4D4A361B}
		{0A584B79-91A2-4F40-A922-E971EC651AA9} = {5EB36649-0190-42C3-A4F3-421B4D4A361B}
		{1CB619B4-66CD-4C88-921B-2739BD419EC1} = {5EB36649-0190-42C3-A4F3-421B4D4A361B}
	EndGlobalSection
	GlobalSection(ExtensibilityGlobals) = postSolution
		SolutionGuid = {413E6CDE-7107-4DA4-A4B9-2C8D1521BC89}
	EndGlobalSection
EndGlobal
