
Microsoft Visual Studio Solution File, Format Version 12.00
# Visual Studio Version 17
VisualStudioVersion = 17.0.31912.275
MinimumVisualStudioVersion = 10.0.40219.1
Project("{2150E333-8FDC-42A3-9474-1A3956D46DE8}") = "Challenge1", "Challenge1", "{9B70466B-B0E0-4C67-86DC-FBA7883C90B7}"
EndProject
Project("{2150E333-8FDC-42A3-9474-1A3956D46DE8}") = "Challenge2", "Challenge2", "{5EB36649-0190-42C3-A4F3-421B4D4A361B}"
EndProject
Project("{2150E333-8FDC-42A3-9474-1A3956D46DE8}") = "1-API", "1-API", "{8E5873C1-DD1B-4D3B-BC86-6019529C021E}"
EndProject
Project("{2150E333-8FDC-42A3-9474-1A3956D46DE8}") = "2-Application", "2-Application", "{62277D12-D73B-40CE-82AC-E5251CEAA032}"
EndProject
Project("{2150E333-8FDC-42A3-9474-1A3956D46DE8}") = "3-Infraestructure", "3-Infraestructure", "{BC7E8B5E-66A1-41F7-A5AC-4E27CD09E40D}"
EndProject
Project("{2150E333-8FDC-42A3-9474-1A3956D46DE8}") = "4-Domain", "4-Domain", "{644FBAE1-BCC2-422D-A9D7-9E7552E61DD0}"
EndProject
Project("{2150E333-8FDC-42A3-9474-1A3956D46DE8}") = "1-API", "1-API", "{A05EE79D-76D1-4685-90EA-AC2722291033}"
EndProject
Project("{2150E333-8FDC-42A3-9474-1A3956D46DE8}") = "2-Services", "2-Services", "{66AECDD3-A6CF-4586-96D9-40D90839C575}"
EndProject
Project("{9A19103F-16F7-4668-BE54-9A1E7A4F7556}") = "Challenge1.Api", "src\Challenge1\Challenge1.Api\Challenge1.Api.csproj", "{C0A62CB4-4252-4568-9CBF-4AED89661477}"
EndProject
Project("{9A19103F-16F7-4668-BE54-9A1E7A4F7556}") = "Domain", "src\Challenge1\Domain\Domain.csproj", "{F0F1C336-1ED2-4762-BB28-07C60C5E292C}"
EndProject
Project("{9A19103F-16F7-4668-BE54-9A1E7A4F7556}") = "Infraestructure", "src\Challenge1\Infraestructure\Infraestructure.csproj", "{A6D4D632-1F91-4ABD-95F4-C13206442DF2}"
EndProject
Project("{9A19103F-16F7-4668-BE54-9A1E7A4F7556}") = "Application", "src\Challenge1\Application\Application.csproj", "{B8DCD6A6-0F07-441D-8072-85BECB6B225E}"
EndProject
Project("{9A19103F-16F7-4668-BE54-9A1E7A4F7556}") = "Challenge2.Api", "src\Challenge2\Challenge2.Api\Challenge2.Api.csproj", "{BCC16A44-95DC-4123-8460-886FABF71ED5}"
EndProject
Project("{9A19103F-16F7-4668-BE54-9A1E7A4F7556}") = "Application", "src\Challenge2\Application\Application.csproj", "{CA5FA999-6B26-413C-8AB1-737604B3C62E}"
EndProject
Project("{2150E333-8FDC-42A3-9474-1A3956D46DE8}") = "5-Script", "5-Script", "{F2A20441-6316-412F-A6E5-1BAB7E0A57AD}"
	ProjectSection(SolutionItems) = preProject
		src\Challenge1\Script\SQLScriptDb.sql = src\Challenge1\Script\SQLScriptDb.sql
	EndProjectSection
EndProject
Global
	GlobalSection(SolutionConfigurationPlatforms) = preSolution
		Debug|Any CPU = Debug|Any CPU
		Release|Any CPU = Release|Any CPU
	EndGlobalSection
	GlobalSection(ProjectConfigurationPlatforms) = postSolution
		{C0A62CB4-4252-4568-9CBF-4AED89661477}.Debug|Any CPU.ActiveCfg = Debug|Any CPU
		{C0A62CB4-4252-4568-9CBF-4AED89661477}.Debug|Any CPU.Build.0 = Debug|Any CPU
		{C0A62CB4-4252-4568-9CBF-4AED89661477}.Release|Any CPU.ActiveCfg = Release|Any CPU
		{C0A62CB4-4252-4568-9CBF-4AED89661477}.Release|Any CPU.Build.0 = Release|Any CPU
		{F0F1C336-1ED2-4762-BB28-07C60C5E292C}.Debug|Any CPU.ActiveCfg = Debug|Any CPU
		{F0F1C336-1ED2-4762-BB28-07C60C5E292C}.Debug|Any CPU.Build.0 = Debug|Any CPU
		{F0F1C336-1ED2-4762-BB28-07C60C5E292C}.Release|Any CPU.ActiveCfg = Release|Any CPU
		{F0F1C336-1ED2-4762-BB28-07C60C5E292C}.Release|Any CPU.Build.0 = Release|Any CPU
		{A6D4D632-1F91-4ABD-95F4-C13206442DF2}.Debug|Any CPU.ActiveCfg = Debug|Any CPU
		{A6D4D632-1F91-4ABD-95F4-C13206442DF2}.Debug|Any CPU.Build.0 = Debug|Any CPU
		{A6D4D632-1F91-4ABD-95F4-C13206442DF2}.Release|Any CPU.ActiveCfg = Release|Any CPU
		{A6D4D632-1F91-4ABD-95F4-C13206442DF2}.Release|Any CPU.Build.0 = Release|Any CPU
		{B8DCD6A6-0F07-441D-8072-85BECB6B225E}.Debug|Any CPU.ActiveCfg = Debug|Any CPU
		{B8DCD6A6-0F07-441D-8072-85BECB6B225E}.Debug|Any CPU.Build.0 = Debug|Any CPU
		{B8DCD6A6-0F07-441D-8072-85BECB6B225E}.Release|Any CPU.ActiveCfg = Release|Any CPU
		{B8DCD6A6-0F07-441D-8072-85BECB6B225E}.Release|Any CPU.Build.0 = Release|Any CPU
		{BCC16A44-95DC-4123-8460-886FABF71ED5}.Debug|Any CPU.ActiveCfg = Debug|Any CPU
		{BCC16A44-95DC-4123-8460-886FABF71ED5}.Debug|Any CPU.Build.0 = Debug|Any CPU
		{BCC16A44-95DC-4123-8460-886FABF71ED5}.Release|Any CPU.ActiveCfg = Release|Any CPU
		{BCC16A44-95DC-4123-8460-886FABF71ED5}.Release|Any CPU.Build.0 = Release|Any CPU
		{CA5FA999-6B26-413C-8AB1-737604B3C62E}.Debug|Any CPU.ActiveCfg = Debug|Any CPU
		{CA5FA999-6B26-413C-8AB1-737604B3C62E}.Debug|Any CPU.Build.0 = Debug|Any CPU
		{CA5FA999-6B26-413C-8AB1-737604B3C62E}.Release|Any CPU.ActiveCfg = Release|Any CPU
		{CA5FA999-6B26-413C-8AB1-737604B3C62E}.Release|Any CPU.Build.0 = Release|Any CPU
	EndGlobalSection
	GlobalSection(SolutionProperties) = preSolution
		HideSolutionNode = FALSE
	EndGlobalSection
	GlobalSection(NestedProjects) = preSolution
		{8E5873C1-DD1B-4D3B-BC86-6019529C021E} = {9B70466B-B0E0-4C67-86DC-FBA7883C90B7}
		{62277D12-D73B-40CE-82AC-E5251CEAA032} = {9B70466B-B0E0-4C67-86DC-FBA7883C90B7}
		{BC7E8B5E-66A1-41F7-A5AC-4E27CD09E40D} = {9B70466B-B0E0-4C67-86DC-FBA7883C90B7}
		{644FBAE1-BCC2-422D-A9D7-9E7552E61DD0} = {9B70466B-B0E0-4C67-86DC-FBA7883C90B7}
		{A05EE79D-76D1-4685-90EA-AC2722291033} = {5EB36649-0190-42C3-A4F3-421B4D4A361B}
		{66AECDD3-A6CF-4586-96D9-40D90839C575} = {5EB36649-0190-42C3-A4F3-421B4D4A361B}
		{C0A62CB4-4252-4568-9CBF-4AED89661477} = {8E5873C1-DD1B-4D3B-BC86-6019529C021E}
		{F0F1C336-1ED2-4762-BB28-07C60C5E292C} = {644FBAE1-BCC2-422D-A9D7-9E7552E61DD0}
		{A6D4D632-1F91-4ABD-95F4-C13206442DF2} = {BC7E8B5E-66A1-41F7-A5AC-4E27CD09E40D}
		{B8DCD6A6-0F07-441D-8072-85BECB6B225E} = {62277D12-D73B-40CE-82AC-E5251CEAA032}
		{BCC16A44-95DC-4123-8460-886FABF71ED5} = {A05EE79D-76D1-4685-90EA-AC2722291033}
		{CA5FA999-6B26-413C-8AB1-737604B3C62E} = {66AECDD3-A6CF-4586-96D9-40D90839C575}
		{F2A20441-6316-412F-A6E5-1BAB7E0A57AD} = {9B70466B-B0E0-4C67-86DC-FBA7883C90B7}
	EndGlobalSection
	GlobalSection(ExtensibilityGlobals) = postSolution
		SolutionGuid = {413E6CDE-7107-4DA4-A4B9-2C8D1521BC89}
	EndGlobalSection
EndGlobal
